{
  "pins" : [
    {
      "identity" : "confettiswiftui",
      "kind" : "remoteSourceControl",
      "location" : "https://github.com/simibac/ConfettiSwiftUI.git",
      "state" : {
        "revision" : "79666d42b882bf7921b1941fa7c636d681d77980",
        "version" : "2.0.3"
      }
    },
    {
      "identity" : "kamaalswift",
      "kind" : "remoteSourceControl",
      "location" : "https://github.com/Kamaalio/KamaalSwift.git",
      "state" : {
        "revision" : "ca65aee2ef3cc703a50de7aaef7d69713733f566",
        "version" : "3.4.0"
      }
    },
    {
      "identity" : "mockurlprotocol",
      "kind" : "remoteSourceControl",
      "location" : "https://github.com/kamaal111/MockURLProtocol.git",
      "state" : {
        "revision" : "ebe8c4f420d86bfb8b7d45b2c7ce55b1896ac497",
        "version" : "0.3.0"
      }
    }
  ],
  "version" : 2
}
